
Microsoft Visual Studio Solution File, Format Version 12.00
# 
Project("{FAE04EC0-301F-11D3-BF4B-00C04F79EFBC}") = "DiceGameTests", "DiceGameTests\DiceGameTests.csproj", "{2FFCE78C-0F11-4E98-BBA1-6265BD015415}"
EndProject
Project("{FAE04EC0-301F-11D3-BF4B-00C04F79EFBC}") = "DiceGame.Core", "DiceGame.Core\DiceGame.Core.csproj", "{140BDCF3-FCEB-4156-B342-E21A9F9730D2}"
EndProject
Project("{FAE04EC0-301F-11D3-BF4B-00C04F79EFBC}") = "DiceGame.ConsoleUI", "DiceGame.ConsoleUI\DiceGame.ConsoleUI.csproj", "{C0C53D19-52FB-43A8-A2A8-BA656405D18D}"
EndProject
Global
	GlobalSection(SolutionConfigurationPlatforms) = preSolution
		Debug|Any CPU = Debug|Any CPU
		Release|Any CPU = Release|Any CPU
	EndGlobalSection
	GlobalSection(ProjectConfigurationPlatforms) = postSolution
		{2FFCE78C-0F11-4E98-BBA1-6265BD015415}.Debug|Any CPU.ActiveCfg = Debug|Any CPU
		{2FFCE78C-0F11-4E98-BBA1-6265BD015415}.Debug|Any CPU.Build.0 = Debug|Any CPU
		{2FFCE78C-0F11-4E98-BBA1-6265BD015415}.Release|Any CPU.ActiveCfg = Release|Any CPU
		{2FFCE78C-0F11-4E98-BBA1-6265BD015415}.Release|Any CPU.Build.0 = Release|Any CPU
		{140BDCF3-FCEB-4156-B342-E21A9F9730D2}.Debug|Any CPU.ActiveCfg = Debug|Any CPU
		{140BDCF3-FCEB-4156-B342-E21A9F9730D2}.Debug|Any CPU.Build.0 = Debug|Any CPU
		{140BDCF3-FCEB-4156-B342-E21A9F9730D2}.Release|Any CPU.ActiveCfg = Release|Any CPU
		{140BDCF3-FCEB-4156-B342-E21A9F9730D2}.Release|Any CPU.Build.0 = Release|Any CPU
		{C0C53D19-52FB-43A8-A2A8-BA656405D18D}.Debug|Any CPU.ActiveCfg = Debug|Any CPU
		{C0C53D19-52FB-43A8-A2A8-BA656405D18D}.Debug|Any CPU.Build.0 = Debug|Any CPU
		{C0C53D19-52FB-43A8-A2A8-BA656405D18D}.Release|Any CPU.ActiveCfg = Release|Any CPU
		{C0C53D19-52FB-43A8-A2A8-BA656405D18D}.Release|Any CPU.Build.0 = Release|Any CPU
	EndGlobalSection
EndGlobal
